{
  "version": 4,
  "terraform_version": "1.9.8",
  "serial": 1734,
  "lineage": "5e2bfd88-e14a-dc34-fcf3-e8a71f897e81",
  "outputs": {},
  "resources": [
    {
      "mode": "managed",
      "type": "aws_autoscaling_group",
      "name": "asg-lab4",
      "provider": "provider[\"registry.terraform.io/hashicorp/aws\"]",
      "instances": [
        {
          "schema_version": 1,
          "attributes": {
            "arn": "arn:aws:autoscaling:us-east-1:124355669181:autoScalingGroup:1a7883f1-6e16-433d-9402-4cd7e6352fe9:autoScalingGroupName/asg-lab-4",
            "availability_zones": [
              "us-east-1a",
              "us-east-1b"
            ],
            "capacity_rebalance": false,
            "context": "",
            "default_cooldown": 300,
            "default_instance_warmup": 0,
            "desired_capacity": 2,
            "desired_capacity_type": "",
            "enabled_metrics": [
              "GroupDesiredCapacity",
              "GroupInServiceInstances",
              "GroupMaxSize",
              "GroupMinSize",
              "GroupPendingInstances",
              "GroupStandbyInstances",
              "GroupTerminatingInstances",
              "GroupTotalInstances"
            ],
            "force_delete": false,
            "force_delete_warm_pool": false,
            "health_check_grace_period": 300,
            "health_check_type": "EC2",
            "id": "asg-lab-4",
            "ignore_failed_scaling_activities": false,
            "initial_lifecycle_hook": [],
            "instance_maintenance_policy": [],
            "instance_refresh": [],
            "launch_configuration": "",
            "launch_template": [
              {
                "id": "lt-088bbdca3b3cefe55",
                "name": "terraform-20241108163617745600000001",
                "version": "$Latest"
              }
            ],
            "load_balancers": [],
            "max_instance_lifetime": 0,
            "max_size": 3,
            "metrics_granularity": "1Minute",
            "min_elb_capacity": null,
            "min_size": 2,
            "mixed_instances_policy": [],
            "name": "asg-lab-4",
            "name_prefix": "",
            "placement_group": "",
            "predicted_capacity": 0,
            "protect_from_scale_in": false,
            "service_linked_role_arn": "arn:aws:iam::124355669181:role/aws-service-role/autoscaling.amazonaws.com/AWSServiceRoleForAutoScaling",
            "suspended_processes": null,
            "tag": [
              {
                "key": "Name",
                "propagate_at_launch": true,
                "value": "asg-lab4"
              }
            ],
            "target_group_arns": [
              "arn:aws:elasticloadbalancing:us-east-1:124355669181:targetgroup/internal-alb-tg/90ac222e1375d469"
            ],
            "termination_policies": null,
            "timeouts": null,
            "traffic_source": [
              {
                "identifier": "arn:aws:elasticloadbalancing:us-east-1:124355669181:targetgroup/internal-alb-tg/90ac222e1375d469",
                "type": "elbv2"
              }
            ],
            "vpc_zone_identifier": [
              "subnet-0112b7f0e0227f438",
              "subnet-03b53644fc5e43ba4"
            ],
            "wait_for_capacity_timeout": "10m",
            "wait_for_elb_capacity": null,
            "warm_pool": [],
            "warm_pool_size": 0
          },
          "sensitive_attributes": [],
          "private": "eyJlMmJmYjczMC1lY2FhLTExZTYtOGY4OC0zNDM2M2JjN2M0YzAiOnsiZGVsZXRlIjo2MDAwMDAwMDAwMDAsInVwZGF0ZSI6NjAwMDAwMDAwMDAwfSwic2NoZW1hX3ZlcnNpb24iOiIxIn0=",
          "dependencies": [
            "aws_efs_file_system.efs-lab4",
            "aws_elasticache_replication_group.redis-lab4",
            "aws_elasticache_subnet_group.cache_subnet_group",
            "aws_iam_instance_profile.ec2_instance_profile",
            "aws_iam_role.ec2_s3_access_role",
            "aws_launch_template.lt-lab4",
            "aws_lb_target_group.internal_alb_target_group",
            "aws_security_group.alb-sg-lab4",
            "aws_security_group.cache-sg-lab4",
            "aws_security_group.ec2-sg-lab4",
            "aws_security_group.rds-sg-lab4",
            "module.vpc.aws_subnet.private",
            "module.vpc.aws_vpc.this",
            "module.vpc.aws_vpc_ipv4_cidr_block_association.this"
          ]
        }
      ]
    },
    {
      "mode": "managed",
      "type": "aws_cloudwatch_metric_alarm",
      "name": "redis_memory",
      "provider": "provider[\"registry.terraform.io/hashicorp/aws\"]",
      "instances": [
        {
          "schema_version": 1,
          "attributes": {
            "actions_enabled": true,
            "alarm_actions": [],
            "alarm_description": "",
            "alarm_name": "redis-memory-high",
            "arn": "arn:aws:cloudwatch:us-east-1:124355669181:alarm:redis-memory-high",
            "comparison_operator": "GreaterThanThreshold",
            "datapoints_to_alarm": 0,
            "dimensions": {
              "CacheClusterId": "redis-lab4"
            },
            "evaluate_low_sample_count_percentiles": "",
            "evaluation_periods": 2,
            "extended_statistic": "",
            "id": "redis-memory-high",
            "insufficient_data_actions": [],
            "metric_name": "DatabaseMemoryUsagePercentage",
            "metric_query": [],
            "namespace": "AWS/ElastiCache",
            "ok_actions": [],
            "period": 300,
            "statistic": "Average",
            "tags": {},
            "tags_all": {},
            "threshold": 80,
            "threshold_metric_id": "",
            "treat_missing_data": "missing",
            "unit": ""
          },
          "sensitive_attributes": [],
          "private": "eyJzY2hlbWFfdmVyc2lvbiI6IjEifQ==",
          "dependencies": [
            "aws_elasticache_replication_group.redis-lab4",
            "aws_elasticache_subnet_group.cache_subnet_group",
            "module.vpc.aws_subnet.private",
            "module.vpc.aws_vpc.this",
            "module.vpc.aws_vpc_ipv4_cidr_block_association.this"
          ]
        }
      ]
    },
    {
      "mode": "managed",
      "type": "aws_db_instance",
      "name": "rdslab5",
      "provider": "provider[\"registry.terraform.io/hashicorp/aws\"]",
      "instances": [
        {
          "schema_version": 2,
          "attributes": {
            "address": "rdslab4.c1gc64c0ynde.us-east-1.rds.amazonaws.com",
            "allocated_storage": 20,
            "allow_major_version_upgrade": null,
            "apply_immediately": false,
            "arn": "arn:aws:rds:us-east-1:124355669181:db:rdslab4",
            "auto_minor_version_upgrade": true,
            "availability_zone": "us-east-1a",
            "backup_retention_period": 7,
            "backup_target": "region",
            "backup_window": "05:45-06:15",
            "blue_green_update": [],
            "ca_cert_identifier": "rds-ca-rsa2048-g1",
            "character_set_name": "",
            "copy_tags_to_snapshot": false,
            "custom_iam_instance_profile": "",
            "customer_owned_ip_enabled": false,
            "db_name": "dbwordpress",
            "db_subnet_group_name": "rds-subnet-group",
            "dedicated_log_volume": false,
            "delete_automated_backups": true,
            "deletion_protection": false,
            "domain": "",
            "domain_auth_secret_arn": "",
            "domain_dns_ips": [],
            "domain_fqdn": "",
            "domain_iam_role_name": "",
            "domain_ou": "",
            "enabled_cloudwatch_logs_exports": [],
            "endpoint": "rdslab4.c1gc64c0ynde.us-east-1.rds.amazonaws.com:5432",
            "engine": "postgres",
            "engine_lifecycle_support": "open-source-rds-extended-support",
            "engine_version": "15.8",
            "engine_version_actual": "15.8",
            "final_snapshot_identifier": "db-lab4-final-snapshot",
            "hosted_zone_id": "Z2R2ITUGPM61AM",
            "iam_database_authentication_enabled": true,
            "id": "db-GDDZQPNLVAGTRCUEK6UDUV7HQE",
            "identifier": "rdslab4",
            "identifier_prefix": "",
            "instance_class": "db.t4g.micro",
            "iops": 3000,
            "kms_key_id": "",
            "latest_restorable_time": "2024-11-08T16:29:36Z",
            "license_model": "postgresql-license",
            "listener_endpoint": [],
            "maintenance_window": "mon:00:00-mon:03:00",
            "manage_master_user_password": null,
            "master_user_secret": [],
            "master_user_secret_kms_key_id": null,
            "max_allocated_storage": 0,
            "monitoring_interval": 60,
            "monitoring_role_arn": "arn:aws:iam::124355669181:role/rds-enhanced-monitoring-role",
            "multi_az": true,
            "nchar_character_set_name": "",
            "network_type": "IPV4",
            "option_group_name": "default:postgres-15",
            "parameter_group_name": "default.postgres15",
            "password": "Manolete2024",
            "performance_insights_enabled": false,
            "performance_insights_kms_key_id": "",
            "performance_insights_retention_period": 0,
            "port": 5432,
            "publicly_accessible": false,
            "replica_mode": "",
            "replicas": [],
            "replicate_source_db": "",
            "resource_id": "db-GDDZQPNLVAGTRCUEK6UDUV7HQE",
            "restore_to_point_in_time": [],
            "s3_import": [],
            "skip_final_snapshot": false,
            "snapshot_identifier": null,
            "status": "available",
            "storage_encrypted": false,
            "storage_throughput": 125,
            "storage_type": "gp3",
            "tags": {
              "Environment": "Test",
              "Name": "db-lab4",
              "Owner": "Javier Manuel",
              "Project": "lab4"
            },
            "tags_all": {
              "Environment": "Test",
              "Name": "db-lab4",
              "Owner": "Javier Manuel",
              "Project": "lab4"
            },
            "timeouts": null,
            "timezone": "",
            "upgrade_storage_config": null,
            "username": "postgres",
            "vpc_security_group_ids": [
              "sg-098ecbaca23d6587b"
            ]
          },
          "sensitive_attributes": [
            [
              {
                "type": "get_attr",
                "value": "password"
              }
            ]
          ],
          "private": "eyJlMmJmYjczMC1lY2FhLTExZTYtOGY4OC0zNDM2M2JjN2M0YzAiOnsiY3JlYXRlIjoyNDAwMDAwMDAwMDAwLCJkZWxldGUiOjM2MDAwMDAwMDAwMDAsInVwZGF0ZSI6NDgwMDAwMDAwMDAwMH0sInNjaGVtYV92ZXJzaW9uIjoiMiJ9",
          "dependencies": [
            "aws_db_subnet_group.rds_subnet_group",
            "aws_iam_role.rds_enhanced_monitoring",
            "aws_security_group.rds-sg-lab4",
            "module.vpc.aws_subnet.private",
            "module.vpc.aws_vpc.this",
            "module.vpc.aws_vpc_ipv4_cidr_block_association.this"
          ]
        }
      ]
    },
    {
      "mode": "managed",
      "type": "aws_db_subnet_group",
      "name": "rds_subnet_group",
      "provider": "provider[\"registry.terraform.io/hashicorp/aws\"]",
      "instances": [
        {
          "schema_version": 0,
          "attributes": {
            "arn": "arn:aws:rds:us-east-1:124355669181:subgrp:rds-subnet-group",
            "description": "Managed by Terraform",
            "id": "rds-subnet-group",
            "name": "rds-subnet-group",
            "name_prefix": "",
            "subnet_ids": [
              "subnet-0112b7f0e0227f438",
              "subnet-03b53644fc5e43ba4"
            ],
            "supported_network_types": [
              "IPV4"
            ],
            "tags": {
              "Environment": "Test",
              "Name": "RDS Subnet Group",
              "Owner": "Javier Manuel",
              "Project": "lab4"
            },
            "tags_all": {
              "Environment": "Test",
              "Name": "RDS Subnet Group",
              "Owner": "Javier Manuel",
              "Project": "lab4"
            },
            "vpc_id": "vpc-0971b59e324c4d1a7"
          },
          "sensitive_attributes": [],
          "private": "bnVsbA==",
          "dependencies": [
            "module.vpc.aws_subnet.private",
            "module.vpc.aws_vpc.this",
            "module.vpc.aws_vpc_ipv4_cidr_block_association.this"
          ]
        }
      ]
    },
    {
      "mode": "managed",
      "type": "aws_ecr_lifecycle_policy",
      "name": "wordpress",
      "provider": "provider[\"registry.terraform.io/hashicorp/aws\"]",
      "instances": [
        {
          "schema_version": 0,
          "attributes": {
            "id": "wordpress",
            "policy": "{\"rules\":[{\"action\":{\"type\":\"expire\"},\"description\":\"Keep last 5 images\",\"rulePriority\":1,\"selection\":{\"countNumber\":5,\"countType\":\"imageCountMoreThan\",\"tagStatus\":\"any\"}}]}",
            "registry_id": "124355669181",
            "repository": "wordpress"
          },
          "sensitive_attributes": [],
          "private": "bnVsbA==",
          "dependencies": [
            "aws_ecr_repository.wordpress"
          ]
        }
      ]
    },
    {
      "mode": "managed",
      "type": "aws_ecr_repository",
      "name": "wordpress",
      "provider": "provider[\"registry.terraform.io/hashicorp/aws\"]",
      "instances": [
        {
          "schema_version": 0,
          "attributes": {
            "arn": "arn:aws:ecr:us-east-1:124355669181:repository/wordpress",
            "encryption_configuration": [
              {
                "encryption_type": "AES256",
                "kms_key": ""
              }
            ],
            "force_delete": null,
            "id": "wordpress",
            "image_scanning_configuration": [
              {
                "scan_on_push": true
              }
            ],
            "image_tag_mutability": "MUTABLE",
            "name": "wordpress",
            "registry_id": "124355669181",
            "repository_url": "124355669181.dkr.ecr.us-east-1.amazonaws.com/wordpress",
            "tags": {},
            "tags_all": {},
            "timeouts": null
          },
          "sensitive_attributes": [],
          "private": "eyJlMmJmYjczMC1lY2FhLTExZTYtOGY4OC0zNDM2M2JjN2M0YzAiOnsiZGVsZXRlIjoxMjAwMDAwMDAwMDAwfX0="
        }
      ]
    },
    {
      "mode": "managed",
      "type": "aws_efs_file_system",
      "name": "efs-lab4",
      "provider": "provider[\"registry.terraform.io/hashicorp/aws\"]",
      "instances": [
        {
          "schema_version": 0,
          "attributes": {
            "arn": "arn:aws:elasticfilesystem:us-east-1:124355669181:file-system/fs-0e836c1f659964e1b",
            "availability_zone_id": "",
            "availability_zone_name": "",
            "creation_token": "my-efs",
            "dns_name": "fs-0e836c1f659964e1b.efs.us-east-1.amazonaws.com",
            "encrypted": true,
            "id": "fs-0e836c1f659964e1b",
            "kms_key_id": "arn:aws:kms:us-east-1:124355669181:key/8d3af30b-f91a-4400-97c7-b3061b53c350",
            "lifecycle_policy": [],
            "name": "lab4-efs",
            "number_of_mount_targets": 2,
            "owner_id": "124355669181",
            "performance_mode": "generalPurpose",
            "protection": [
              {
                "replication_overwrite": "ENABLED"
              }
            ],
            "provisioned_throughput_in_mibps": 0,
            "size_in_bytes": [
              {
                "value": 6144,
                "value_in_ia": 0,
                "value_in_standard": 6144
              }
            ],
            "tags": {
              "Environment": "Test",
              "Name": "lab4-efs",
              "Owner": "Javier Manuel",
              "Project": "Lab4"
            },
            "tags_all": {
              "Environment": "Test",
              "Name": "lab4-efs",
              "Owner": "Javier Manuel",
              "Project": "Lab4"
            },
            "throughput_mode": "bursting"
          },
          "sensitive_attributes": [],
          "private": "bnVsbA=="
        }
      ]
    },
    {
      "mode": "managed",
      "type": "aws_efs_mount_target",
      "name": "mt_az1",
      "provider": "provider[\"registry.terraform.io/hashicorp/aws\"]",
      "instances": [
        {
          "schema_version": 0,
          "attributes": {
            "availability_zone_id": "use1-az4",
            "availability_zone_name": "us-east-1a",
            "dns_name": "fs-0e836c1f659964e1b.efs.us-east-1.amazonaws.com",
            "file_system_arn": "arn:aws:elasticfilesystem:us-east-1:124355669181:file-system/fs-0e836c1f659964e1b",
            "file_system_id": "fs-0e836c1f659964e1b",
            "id": "fsmt-0188b4c164756f0c2",
            "ip_address": "10.0.11.86",
            "mount_target_dns_name": "us-east-1a.fs-0e836c1f659964e1b.efs.us-east-1.amazonaws.com",
            "network_interface_id": "eni-05d881eed6bc0ea69",
            "owner_id": "124355669181",
            "security_groups": [
              "sg-0b90556cd6ac8c21e"
            ],
            "subnet_id": "subnet-03b53644fc5e43ba4",
            "timeouts": null
          },
          "sensitive_attributes": [],
          "private": "eyJlMmJmYjczMC1lY2FhLTExZTYtOGY4OC0zNDM2M2JjN2M0YzAiOnsiY3JlYXRlIjoxODAwMDAwMDAwMDAwLCJkZWxldGUiOjYwMDAwMDAwMDAwMH19",
          "dependencies": [
            "aws_efs_file_system.efs-lab4",
            "aws_security_group.efs-sg-lab4",
            "module.vpc.aws_subnet.private",
            "module.vpc.aws_vpc.this",
            "module.vpc.aws_vpc_ipv4_cidr_block_association.this"
          ]
        }
      ]
    },
    {
      "mode": "managed",
      "type": "aws_efs_mount_target",
      "name": "mt_az2",
      "provider": "provider[\"registry.terraform.io/hashicorp/aws\"]",
      "instances": [
        {
          "schema_version": 0,
          "attributes": {
            "availability_zone_id": "use1-az6",
            "availability_zone_name": "us-east-1b",
            "dns_name": "fs-0e836c1f659964e1b.efs.us-east-1.amazonaws.com",
            "file_system_arn": "arn:aws:elasticfilesystem:us-east-1:124355669181:file-system/fs-0e836c1f659964e1b",
            "file_system_id": "fs-0e836c1f659964e1b",
            "id": "fsmt-0dd2ccf9265265dde",
            "ip_address": "10.0.12.38",
            "mount_target_dns_name": "us-east-1b.fs-0e836c1f659964e1b.efs.us-east-1.amazonaws.com",
            "network_interface_id": "eni-0b2b9efd413da4919",
            "owner_id": "124355669181",
            "security_groups": [
              "sg-0b90556cd6ac8c21e"
            ],
            "subnet_id": "subnet-0112b7f0e0227f438",
            "timeouts": null
          },
          "sensitive_attributes": [],
          "private": "eyJlMmJmYjczMC1lY2FhLTExZTYtOGY4OC0zNDM2M2JjN2M0YzAiOnsiY3JlYXRlIjoxODAwMDAwMDAwMDAwLCJkZWxldGUiOjYwMDAwMDAwMDAwMH19",
          "dependencies": [
            "aws_efs_file_system.efs-lab4",
            "aws_security_group.efs-sg-lab4",
            "module.vpc.aws_subnet.private",
            "module.vpc.aws_vpc.this",
            "module.vpc.aws_vpc_ipv4_cidr_block_association.this"
          ]
        }
      ]
    },
    {
      "mode": "managed",
      "type": "aws_elasticache_replication_group",
      "name": "redis-lab4",
      "provider": "provider[\"registry.terraform.io/hashicorp/aws\"]",
      "instances": [
        {
          "schema_version": 2,
          "attributes": {
            "apply_immediately": null,
            "arn": "arn:aws:elasticache:us-east-1:124355669181:replicationgroup:redis-lab4",
            "at_rest_encryption_enabled": true,
            "auth_token": "",
            "auth_token_update_strategy": "ROTATE",
            "auto_minor_version_upgrade": "true",
            "automatic_failover_enabled": true,
            "cluster_enabled": false,
            "cluster_mode": "disabled",
            "configuration_endpoint_address": null,
            "data_tiering_enabled": false,
            "description": "Redis replication group for lab4",
            "engine": "redis",
            "engine_version": "7.1",
            "engine_version_actual": "7.1.0",
            "final_snapshot_identifier": null,
            "global_replication_group_id": null,
            "id": "redis-lab4",
            "ip_discovery": "ipv4",
            "kms_key_id": "",
            "log_delivery_configuration": [],
            "maintenance_window": "wed:08:30-wed:09:30",
            "member_clusters": [
              "redis-lab4-001",
              "redis-lab4-002"
            ],
            "multi_az_enabled": false,
            "network_type": "ipv4",
            "node_type": "cache.t4g.micro",
            "notification_topic_arn": null,
            "num_cache_clusters": 2,
            "num_node_groups": 1,
            "parameter_group_name": "default.redis7",
            "port": 6379,
            "preferred_cache_cluster_azs": [
              "us-east-1a",
              "us-east-1b"
            ],
            "primary_endpoint_address": "master.redis-lab4.zv2yqz.use1.cache.amazonaws.com",
            "reader_endpoint_address": "replica.redis-lab4.zv2yqz.use1.cache.amazonaws.com",
            "replicas_per_node_group": 1,
            "replication_group_id": "redis-lab4",
            "security_group_ids": [],
            "security_group_names": [],
            "snapshot_arns": null,
            "snapshot_name": null,
            "snapshot_retention_limit": 0,
            "snapshot_window": "09:30-10:30",
            "subnet_group_name": "cache-subnet-group",
            "tags": {},
            "tags_all": {},
            "timeouts": null,
            "transit_encryption_enabled": true,
            "transit_encryption_mode": "required",
            "user_group_ids": []
          },
          "sensitive_attributes": [
            [
              {
                "type": "get_attr",
                "value": "auth_token"
              }
            ]
          ],
          "private": "eyJlMmJmYjczMC1lY2FhLTExZTYtOGY4OC0zNDM2M2JjN2M0YzAiOnsiY3JlYXRlIjozNjAwMDAwMDAwMDAwLCJkZWxldGUiOjI3MDAwMDAwMDAwMDAsInVwZGF0ZSI6MjQwMDAwMDAwMDAwMH0sInNjaGVtYV92ZXJzaW9uIjoiMiJ9",
          "dependencies": [
            "aws_elasticache_subnet_group.cache_subnet_group",
            "module.vpc.aws_subnet.private",
            "module.vpc.aws_vpc.this",
            "module.vpc.aws_vpc_ipv4_cidr_block_association.this"
          ]
        }
      ]
    },
    {
      "mode": "managed",
      "type": "aws_elasticache_subnet_group",
      "name": "cache_subnet_group",
      "provider": "provider[\"registry.terraform.io/hashicorp/aws\"]",
      "instances": [
        {
          "schema_version": 0,
          "attributes": {
            "arn": "arn:aws:elasticache:us-east-1:124355669181:subnetgroup:cache-subnet-group",
            "description": "Managed by Terraform",
            "id": "cache-subnet-group",
            "name": "cache-subnet-group",
            "subnet_ids": [
              "subnet-0112b7f0e0227f438",
              "subnet-03b53644fc5e43ba4"
            ],
            "tags": {
              "Environment": "Test",
              "Name": "cache-sg",
              "Owner": "Javier",
              "Project": "lab4"
            },
            "tags_all": {
              "Environment": "Test",
              "Name": "cache-sg",
              "Owner": "Javier",
              "Project": "lab4"
            },
            "vpc_id": "vpc-0971b59e324c4d1a7"
          },
          "sensitive_attributes": [],
          "private": "bnVsbA==",
          "dependencies": [
            "module.vpc.aws_subnet.private",
            "module.vpc.aws_vpc.this",
            "module.vpc.aws_vpc_ipv4_cidr_block_association.this"
          ]
        }
      ]
    },
    {
      "mode": "managed",
      "type": "aws_iam_instance_profile",
      "name": "ec2_instance_profile",
      "provider": "provider[\"registry.terraform.io/hashicorp/aws\"]",
      "instances": [
        {
          "schema_version": 0,
          "attributes": {
            "arn": "arn:aws:iam::124355669181:instance-profile/EC2InstanceProfile",
            "create_date": "2024-11-08T16:36:17Z",
            "id": "EC2InstanceProfile",
            "name": "EC2InstanceProfile",
            "name_prefix": "",
            "path": "/",
            "role": "EC2S3AccessRole",
            "tags": null,
            "tags_all": {},
            "unique_id": "AIPARZ5BM5S66CAWXKMOS"
          },
          "sensitive_attributes": [],
          "private": "bnVsbA==",
          "dependencies": [
            "aws_iam_role.ec2_s3_access_role"
          ]
        }
      ]
    },
    {
      "mode": "managed",
      "type": "aws_iam_policy",
      "name": "ec2_s3_access_policy",
      "provider": "provider[\"registry.terraform.io/hashicorp/aws\"]",
      "instances": [
        {
          "schema_version": 0,
          "attributes": {
            "arn": "arn:aws:iam::124355669181:policy/EC2S3AccessPolicy",
            "attachment_count": 1,
            "description": "Policy to allow EC2 instances to access the CMS S3 bucket",
            "id": "arn:aws:iam::124355669181:policy/EC2S3AccessPolicy",
            "name": "EC2S3AccessPolicy",
            "name_prefix": "",
            "path": "/",
            "policy": "{\"Statement\":[{\"Action\":[\"s3:GetObject\",\"s3:PutObject\",\"s3:DeleteObject\"],\"Effect\":\"Allow\",\"Resource\":\"arn:aws:s3:::cms-images-lab5/*\"}],\"Version\":\"2012-10-17\"}",
            "policy_id": "ANPARZ5BM5S6UQ27XUY3R",
            "tags": {},
            "tags_all": {}
          },
          "sensitive_attributes": [],
          "private": "bnVsbA==",
          "dependencies": [
            "aws_s3_bucket.cms_images_bucket"
          ]
        }
      ]
    },
    {
      "mode": "managed",
      "type": "aws_iam_role",
      "name": "ec2_s3_access_role",
      "provider": "provider[\"registry.terraform.io/hashicorp/aws\"]",
      "instances": [
        {
          "schema_version": 0,
          "attributes": {
            "arn": "arn:aws:iam::124355669181:role/EC2S3AccessRole",
            "assume_role_policy": "{\"Statement\":[{\"Action\":\"sts:AssumeRole\",\"Effect\":\"Allow\",\"Principal\":{\"Service\":\"ec2.amazonaws.com\"}}],\"Version\":\"2012-10-17\"}",
            "create_date": "2024-11-08T12:02:03Z",
            "description": "",
            "force_detach_policies": false,
            "id": "EC2S3AccessRole",
            "inline_policy": [],
            "managed_policy_arns": [
              "arn:aws:iam::124355669181:policy/EC2S3AccessPolicy"
            ],
            "max_session_duration": 3600,
            "name": "EC2S3AccessRole",
            "name_prefix": "",
            "path": "/",
            "permissions_boundary": "",
            "tags": {},
            "tags_all": {},
            "unique_id": "AROARZ5BM5S6TMWPWLYM5"
          },
          "sensitive_attributes": [],
          "private": "bnVsbA=="
        }
      ]
    },
    {
      "mode": "managed",
      "type": "aws_iam_role",
      "name": "rds_enhanced_monitoring",
      "provider": "provider[\"registry.terraform.io/hashicorp/aws\"]",
      "instances": [
        {
          "schema_version": 0,
          "attributes": {
            "arn": "arn:aws:iam::124355669181:role/rds-enhanced-monitoring-role",
            "assume_role_policy": "{\"Statement\":[{\"Action\":\"sts:AssumeRole\",\"Effect\":\"Allow\",\"Principal\":{\"Service\":\"monitoring.rds.amazonaws.com\"}}],\"Version\":\"2012-10-17\"}",
            "create_date": "2024-11-08T12:02:03Z",
            "description": "",
            "force_detach_policies": false,
            "id": "rds-enhanced-monitoring-role",
            "inline_policy": [],
            "managed_policy_arns": [
              "arn:aws:iam::aws:policy/service-role/AmazonRDSEnhancedMonitoringRole"
            ],
            "max_session_duration": 3600,
            "name": "rds-enhanced-monitoring-role",
            "name_prefix": "",
            "path": "/",
            "permissions_boundary": "",
            "tags": {
              "Environment": "Test",
              "Name": "rds-monitoring-role",
              "Owner": "Javier Manuel",
              "Project": "lab4"
            },
            "tags_all": {
              "Environment": "Test",
              "Name": "rds-monitoring-role",
              "Owner": "Javier Manuel",
              "Project": "lab4"
            },
            "unique_id": "AROARZ5BM5S6XCPRXAHZS"
          },
          "sensitive_attributes": [],
          "private": "bnVsbA=="
        }
      ]
    },
    {
      "mode": "managed",
      "type": "aws_iam_role_policy_attachment",
      "name": "ec2_s3_access_attachment",
      "provider": "provider[\"registry.terraform.io/hashicorp/aws\"]",
      "instances": [
        {
          "schema_version": 0,
          "attributes": {
            "id": "EC2S3AccessRole-20241108120206177500000002",
            "policy_arn": "arn:aws:iam::124355669181:policy/EC2S3AccessPolicy",
            "role": "EC2S3AccessRole"
          },
          "sensitive_attributes": [],
          "private": "bnVsbA==",
          "dependencies": [
            "aws_iam_policy.ec2_s3_access_policy",
            "aws_iam_role.ec2_s3_access_role",
            "aws_s3_bucket.cms_images_bucket"
          ]
        }
      ]
    },
    {
      "mode": "managed",
      "type": "aws_iam_role_policy_attachment",
      "name": "rds_enhanced_monitoring",
      "provider": "provider[\"registry.terraform.io/hashicorp/aws\"]",
      "instances": [
        {
          "schema_version": 0,
          "attributes": {
            "id": "rds-enhanced-monitoring-role-20241108120204154900000001",
            "policy_arn": "arn:aws:iam::aws:policy/service-role/AmazonRDSEnhancedMonitoringRole",
            "role": "rds-enhanced-monitoring-role"
          },
          "sensitive_attributes": [],
          "private": "bnVsbA==",
          "dependencies": [
            "aws_iam_role.rds_enhanced_monitoring"
          ]
        }
      ]
    },
    {
      "mode": "managed",
      "type": "aws_launch_template",
      "name": "lt-lab4",
      "provider": "provider[\"registry.terraform.io/hashicorp/aws\"]",
      "instances": [
        {
          "schema_version": 0,
          "attributes": {
            "arn": "arn:aws:ec2:us-east-1:124355669181:launch-template/lt-088bbdca3b3cefe55",
            "block_device_mappings": [],
            "capacity_reservation_specification": [],
            "cpu_options": [],
            "credit_specification": [],
            "default_version": 1,
            "description": "",
            "disable_api_stop": false,
            "disable_api_termination": false,
            "ebs_optimized": "",
            "elastic_gpu_specifications": [],
            "elastic_inference_accelerator": [],
            "enclave_options": [],
            "hibernation_options": [],
            "iam_instance_profile": [
              {
                "arn": "",
                "name": "EC2InstanceProfile"
              }
            ],
            "id": "lt-088bbdca3b3cefe55",
            "image_id": "ami-052eb71a2bc124a0c",
            "instance_initiated_shutdown_behavior": "",
            "instance_market_options": [],
            "instance_requirements": [],
            "instance_type": "t2.micro",
            "kernel_id": "",
            "key_name": "",
            "latest_version": 1,
            "license_specification": [],
            "maintenance_options": [],
            "metadata_options": [],
            "monitoring": [],
            "name": "terraform-20241108163617745600000001",
            "name_prefix": "terraform-",
            "network_interfaces": [
              {
                "associate_carrier_ip_address": "",
                "associate_public_ip_address": "false",
                "delete_on_termination": "",
                "description": "",
                "device_index": 0,
                "interface_type": "",
                "ipv4_address_count": 0,
                "ipv4_addresses": null,
                "ipv4_prefix_count": 0,
                "ipv4_prefixes": null,
                "ipv6_address_count": 0,
                "ipv6_addresses": null,
                "ipv6_prefix_count": 0,
                "ipv6_prefixes": null,
                "network_card_index": 0,
                "network_interface_id": "",
                "primary_ipv6": "",
                "private_ip_address": "",
                "security_groups": [
                  "sg-0068623e0ea6ac68c"
                ],
                "subnet_id": ""
              }
            ],
            "placement": [],
            "private_dns_name_options": [],
            "ram_disk_id": "",
            "security_group_names": null,
            "tag_specifications": [
              {
                "resource_type": "instance",
                "tags": {
                  "Environment": "Test",
                  "Name": "lt-lab4",
                  "Owner": "Javier Manuel",
                  "Project": "lab4"
                }
              }
            ],
            "tags": null,
            "tags_all": {},
            "update_default_version": null,
            "user_data": "IyEvYmluL2Jhc2ggLXhlDQoNCnNlZCAtaSAicy9kZWZpbmUoJ0RCX0hPU1QnLC4qL2RlZmluZSgnREJfSE9TVCcsICdyZHNsYWI0LmMxZ2M2NGMweW5kZS51cy1lYXN0LTEucmRzLmFtYXpvbmF3cy5jb20nKTsvIiAvdmFyL3d3dy9odG1sL3dwLWNvbmZpZy5waHANCg0KIyBNb250YXIgRUZTDQpta2RpciAtcCAvdmFyL3d3dy9odG1sL3dwLWNvbnRlbnQvdXBsb2Fkcw0KbW91bnQgLXQgZWZzIC1vIHRscyBmcy0wZTgzNmMxZjY1OTk2NGUxYjovIC92YXIvd3d3L2h0bWwvd3AtY29udGVudC91cGxvYWRzDQplY2hvICJmcy0wZTgzNmMxZjY1OTk2NGUxYjovIC92YXIvd3d3L2h0bWwvd3AtY29udGVudC91cGxvYWRzIGVmcyBfbmV0ZGV2LHRscyAwIDAiID4+IC9ldGMvZnN0YWINCg0KIyBDb25maWd1cmFyIFJlZGlzDQplY2hvICJkZWZpbmUoJ1dQX1JFRElTX0hPU1QnLCAnbWFzdGVyLnJlZGlzLWxhYjQuenYyeXF6LnVzZTEuY2FjaGUuYW1hem9uYXdzLmNvbScpOyIgPj4gL3Zhci93d3cvaHRtbC93cC1jb25maWcucGhwDQplY2hvICJkZWZpbmUoJ1dQX1JFRElTX1BPUlQnLCAnNjM3OScpOyIgPj4gL3Zhci93d3cvaHRtbC93cC1jb25maWcucGhwDQoNCiMgUmVpbmljaWFyIHNlcnZpY2lvcw0Kc3lzdGVtY3RsIHJlc3RhcnQgaHR0cGQNCg==",
            "vpc_security_group_ids": null
          },
          "sensitive_attributes": [],
          "private": "bnVsbA==",
          "dependencies": [
            "aws_efs_file_system.efs-lab4",
            "aws_elasticache_replication_group.redis-lab4",
            "aws_elasticache_subnet_group.cache_subnet_group",
            "aws_iam_instance_profile.ec2_instance_profile",
            "aws_iam_role.ec2_s3_access_role",
            "aws_security_group.alb-sg-lab4",
            "aws_security_group.cache-sg-lab4",
            "aws_security_group.ec2-sg-lab4",
            "aws_security_group.rds-sg-lab4",
            "module.vpc.aws_subnet.private",
            "module.vpc.aws_vpc.this",
            "module.vpc.aws_vpc_ipv4_cidr_block_association.this"
          ]
        }
      ]
    },
    {
      "mode": "managed",
      "type": "aws_lb",
      "name": "alb-internal",
      "provider": "provider[\"registry.terraform.io/hashicorp/aws\"]",
      "instances": [
        {
          "schema_version": 0,
          "attributes": {
            "access_logs": [
              {
                "bucket": "",
                "enabled": false,
                "prefix": ""
              }
            ],
            "arn": "arn:aws:elasticloadbalancing:us-east-1:124355669181:loadbalancer/app/alb-internal/ac1e68a8f7259f97",
            "arn_suffix": "app/alb-internal/ac1e68a8f7259f97",
            "client_keep_alive": 3600,
            "connection_logs": [
              {
                "bucket": "",
                "enabled": false,
                "prefix": ""
              }
            ],
            "customer_owned_ipv4_pool": "",
            "desync_mitigation_mode": "defensive",
            "dns_name": "internal-alb-internal-1960654250.us-east-1.elb.amazonaws.com",
            "dns_record_client_routing_policy": null,
            "drop_invalid_header_fields": false,
            "enable_cross_zone_load_balancing": true,
            "enable_deletion_protection": false,
            "enable_http2": true,
            "enable_tls_version_and_cipher_suite_headers": false,
            "enable_waf_fail_open": false,
            "enable_xff_client_port": false,
            "enforce_security_group_inbound_rules_on_private_link_traffic": "",
            "id": "arn:aws:elasticloadbalancing:us-east-1:124355669181:loadbalancer/app/alb-internal/ac1e68a8f7259f97",
            "idle_timeout": 60,
            "internal": true,
            "ip_address_type": "ipv4",
            "load_balancer_type": "application",
            "name": "alb-internal",
            "name_prefix": "",
            "preserve_host_header": false,
            "security_groups": [
              "sg-0b16a25c29f0e6ebf"
            ],
            "subnet_mapping": [
              {
                "allocation_id": "",
                "ipv6_address": "",
                "outpost_id": "",
                "private_ipv4_address": "",
                "subnet_id": "subnet-0112b7f0e0227f438"
              },
              {
                "allocation_id": "",
                "ipv6_address": "",
                "outpost_id": "",
                "private_ipv4_address": "",
                "subnet_id": "subnet-03b53644fc5e43ba4"
              }
            ],
            "subnets": [
              "subnet-0112b7f0e0227f438",
              "subnet-03b53644fc5e43ba4"
            ],
            "tags": {
              "Environment": "Test",
              "Owner": "Javier Manuel",
              "Project": "Lab5"
            },
            "tags_all": {
              "Environment": "Test",
              "Owner": "Javier Manuel",
              "Project": "Lab5"
            },
            "timeouts": null,
            "vpc_id": "vpc-0971b59e324c4d1a7",
            "xff_header_processing_mode": "append",
            "zone_id": "Z35SXDOTRQ7X7K"
          },
          "sensitive_attributes": [],
          "private": "eyJlMmJmYjczMC1lY2FhLTExZTYtOGY4OC0zNDM2M2JjN2M0YzAiOnsiY3JlYXRlIjo2MDAwMDAwMDAwMDAsImRlbGV0ZSI6NjAwMDAwMDAwMDAwLCJ1cGRhdGUiOjYwMDAwMDAwMDAwMH19",
          "dependencies": [
            "aws_security_group.alb-sg-lab4",
            "module.vpc.aws_subnet.private",
            "module.vpc.aws_vpc.this",
            "module.vpc.aws_vpc_ipv4_cidr_block_association.this"
          ]
        }
      ]
    },
    {
      "mode": "managed",
      "type": "aws_lb_listener",
      "name": "http_listener",
      "provider": "provider[\"registry.terraform.io/hashicorp/aws\"]",
      "instances": [
        {
          "schema_version": 0,
          "attributes": {
            "alpn_policy": null,
            "arn": "arn:aws:elasticloadbalancing:us-east-1:124355669181:listener/app/alb-internal/ac1e68a8f7259f97/397baf8b137220f4",
            "certificate_arn": null,
            "default_action": [
              {
                "authenticate_cognito": [],
                "authenticate_oidc": [],
                "fixed_response": [],
                "forward": [],
                "order": 1,
                "redirect": [],
                "target_group_arn": "arn:aws:elasticloadbalancing:us-east-1:124355669181:targetgroup/internal-alb-tg/90ac222e1375d469",
                "type": "forward"
              }
            ],
            "id": "arn:aws:elasticloadbalancing:us-east-1:124355669181:listener/app/alb-internal/ac1e68a8f7259f97/397baf8b137220f4",
            "load_balancer_arn": "arn:aws:elasticloadbalancing:us-east-1:124355669181:loadbalancer/app/alb-internal/ac1e68a8f7259f97",
            "mutual_authentication": [],
            "port": 80,
            "protocol": "HTTP",
            "ssl_policy": "",
            "tags": {},
            "tags_all": {},
            "timeouts": null
          },
          "sensitive_attributes": [],
          "private": "eyJlMmJmYjczMC1lY2FhLTExZTYtOGY4OC0zNDM2M2JjN2M0YzAiOnsiY3JlYXRlIjozMDAwMDAwMDAwMDAsInVwZGF0ZSI6MzAwMDAwMDAwMDAwfX0=",
          "dependencies": [
            "aws_lb.alb-internal",
            "aws_lb_target_group.internal_alb_target_group",
            "aws_security_group.alb-sg-lab4",
            "module.vpc.aws_subnet.private",
            "module.vpc.aws_vpc.this",
            "module.vpc.aws_vpc_ipv4_cidr_block_association.this"
          ]
        }
      ]
    },
    {
      "mode": "managed",
      "type": "aws_lb_target_group",
      "name": "internal_alb_target_group",
      "provider": "provider[\"registry.terraform.io/hashicorp/aws\"]",
      "instances": [
        {
          "schema_version": 0,
          "attributes": {
            "arn": "arn:aws:elasticloadbalancing:us-east-1:124355669181:targetgroup/internal-alb-tg/90ac222e1375d469",
            "arn_suffix": "targetgroup/internal-alb-tg/90ac222e1375d469",
            "connection_termination": null,
            "deregistration_delay": "300",
            "health_check": [
              {
                "enabled": true,
                "healthy_threshold": 2,
                "interval": 30,
                "matcher": "200",
                "path": "/salud",
                "port": "traffic-port",
                "protocol": "HTTP",
                "timeout": 5,
                "unhealthy_threshold": 2
              }
            ],
            "id": "arn:aws:elasticloadbalancing:us-east-1:124355669181:targetgroup/internal-alb-tg/90ac222e1375d469",
            "ip_address_type": "ipv4",
            "lambda_multi_value_headers_enabled": false,
            "load_balancer_arns": [
              "arn:aws:elasticloadbalancing:us-east-1:124355669181:loadbalancer/app/alb-internal/ac1e68a8f7259f97"
            ],
            "load_balancing_algorithm_type": "round_robin",
            "load_balancing_anomaly_mitigation": "off",
            "load_balancing_cross_zone_enabled": "use_load_balancer_configuration",
            "name": "internal-alb-tg",
            "name_prefix": "",
            "port": 80,
            "preserve_client_ip": null,
            "protocol": "HTTP",
            "protocol_version": "HTTP1",
            "proxy_protocol_v2": false,
            "slow_start": 0,
            "stickiness": [
              {
                "cookie_duration": 86400,
                "cookie_name": "",
                "enabled": false,
                "type": "lb_cookie"
              }
            ],
            "tags": {
              "Name": "InternalALB-TG"
            },
            "tags_all": {
              "Name": "InternalALB-TG"
            },
            "target_failover": [
              {
                "on_deregistration": null,
                "on_unhealthy": null
              }
            ],
            "target_group_health": [
              {
                "dns_failover": [
                  {
                    "minimum_healthy_targets_count": "1",
                    "minimum_healthy_targets_percentage": "off"
                  }
                ],
                "unhealthy_state_routing": [
                  {
                    "minimum_healthy_targets_count": 1,
                    "minimum_healthy_targets_percentage": "off"
                  }
                ]
              }
            ],
            "target_health_state": [
              {
                "enable_unhealthy_connection_termination": null,
                "unhealthy_draining_interval": null
              }
            ],
            "target_type": "instance",
            "vpc_id": "vpc-0971b59e324c4d1a7"
          },
          "sensitive_attributes": [],
          "private": "bnVsbA==",
          "dependencies": [
            "module.vpc.aws_vpc.this"
          ]
        }
      ]
    },
    {
      "mode": "managed",
      "type": "aws_s3_bucket",
      "name": "cms_images_bucket",
      "provider": "provider[\"registry.terraform.io/hashicorp/aws\"]",
      "instances": [
        {
          "schema_version": 0,
          "attributes": {
            "acceleration_status": "",
            "acl": null,
            "arn": "arn:aws:s3:::cms-images-lab5",
            "bucket": "cms-images-lab5",
            "bucket_domain_name": "cms-images-lab5.s3.amazonaws.com",
            "bucket_prefix": "",
            "bucket_regional_domain_name": "cms-images-lab5.s3.us-east-1.amazonaws.com",
            "cors_rule": [],
            "force_destroy": false,
            "grant": [
              {
                "id": "b1c3428aab99ab28a3636ae0eb6626ef08c5cbf8487be8eb063dd718de6b4c7d",
                "permissions": [
                  "FULL_CONTROL"
                ],
                "type": "CanonicalUser",
                "uri": ""
              }
            ],
            "hosted_zone_id": "Z3AQBSTGFYJSTF",
            "id": "cms-images-lab5",
            "lifecycle_rule": [],
            "logging": [],
            "object_lock_configuration": [
              {
                "object_lock_enabled": "Enabled",
                "rule": []
              }
            ],
            "object_lock_enabled": true,
            "policy": "{\"Statement\":[{\"Action\":[\"s3:GetObject\",\"s3:PutObject\",\"s3:DeleteObject\"],\"Condition\":{\"StringEquals\":{\"aws:PrincipalArn\":\"arn:aws:iam::124355669181:role/EC2S3AccessRole\"}},\"Effect\":\"Allow\",\"Principal\":\"*\",\"Resource\":\"arn:aws:s3:::cms-images-lab5/*\"}],\"Version\":\"2012-10-17\"}",
            "region": "us-east-1",
            "replication_configuration": [],
            "request_payer": "BucketOwner",
            "server_side_encryption_configuration": [
              {
                "rule": [
                  {
                    "apply_server_side_encryption_by_default": [
                      {
                        "kms_master_key_id": "",
                        "sse_algorithm": "AES256"
                      }
                    ],
                    "bucket_key_enabled": false
                  }
                ]
              }
            ],
            "tags": {
              "Environment": "Test",
              "Owner": "Javier Manuel",
              "Project": "Lab5"
            },
            "tags_all": {
              "Environment": "Test",
              "Owner": "Javier Manuel",
              "Project": "Lab5"
            },
            "timeouts": null,
            "versioning": [
              {
                "enabled": true,
                "mfa_delete": false
              }
            ],
            "website": [],
            "website_domain": null,
            "website_endpoint": null
          },
          "sensitive_attributes": [],
          "private": "eyJlMmJmYjczMC1lY2FhLTExZTYtOGY4OC0zNDM2M2JjN2M0YzAiOnsiY3JlYXRlIjoxMjAwMDAwMDAwMDAwLCJkZWxldGUiOjM2MDAwMDAwMDAwMDAsInJlYWQiOjEyMDAwMDAwMDAwMDAsInVwZGF0ZSI6MTIwMDAwMDAwMDAwMH19"
        }
      ]
    },
    {
      "mode": "managed",
      "type": "aws_s3_bucket_policy",
      "name": "cms_images_bucket_policy",
      "provider": "provider[\"registry.terraform.io/hashicorp/aws\"]",
      "instances": [
        {
          "schema_version": 0,
          "attributes": {
            "bucket": "cms-images-lab5",
            "id": "cms-images-lab5",
            "policy": "{\"Statement\":[{\"Action\":[\"s3:GetObject\",\"s3:PutObject\",\"s3:DeleteObject\"],\"Condition\":{\"StringEquals\":{\"aws:PrincipalArn\":\"arn:aws:iam::124355669181:role/EC2S3AccessRole\"}},\"Effect\":\"Allow\",\"Principal\":\"*\",\"Resource\":\"arn:aws:s3:::cms-images-lab5/*\"}],\"Version\":\"2012-10-17\"}"
          },
          "sensitive_attributes": [],
          "private": "bnVsbA==",
          "dependencies": [
            "aws_iam_role.ec2_s3_access_role",
            "aws_s3_bucket.cms_images_bucket"
          ]
        }
      ]
    },
    {
      "mode": "managed",
      "type": "aws_security_group",
      "name": "alb-sg-lab4",
      "provider": "provider[\"registry.terraform.io/hashicorp/aws\"]",
      "instances": [
        {
          "schema_version": 1,
          "attributes": {
            "arn": "arn:aws:ec2:us-east-1:124355669181:security-group/sg-0b16a25c29f0e6ebf",
            "description": "Security group for ALB allowing HTTPS traffic from Auto Scaling group",
            "egress": [
              {
                "cidr_blocks": [
                  "0.0.0.0/0"
                ],
                "description": "",
                "from_port": 0,
                "ipv6_cidr_blocks": [],
                "prefix_list_ids": [],
                "protocol": "-1",
                "security_groups": [],
                "self": false,
                "to_port": 0
              }
            ],
            "id": "sg-0b16a25c29f0e6ebf",
            "ingress": [
              {
                "cidr_blocks": [
                  "0.0.0.0/0"
                ],
                "description": "Allow HTTPS from Auto Scaling group",
                "from_port": 443,
                "ipv6_cidr_blocks": [],
                "prefix_list_ids": [],
                "protocol": "tcp",
                "security_groups": [],
                "self": false,
                "to_port": 443
              },
              {
                "cidr_blocks": [
                  "0.0.0.0/0"
                ],
                "description": "Allow HTTPS from Auto Scaling group",
                "from_port": 80,
                "ipv6_cidr_blocks": [],
                "prefix_list_ids": [],
                "protocol": "tcp",
                "security_groups": [],
                "self": false,
                "to_port": 80
              }
            ],
            "name": "alb-sg-lab4",
            "name_prefix": "",
            "owner_id": "124355669181",
            "revoke_rules_on_delete": false,
            "tags": {
              "Environment": "Test",
              "Owner": "Javier Manuel",
              "Project": "Lab5"
            },
            "tags_all": {
              "Environment": "Test",
              "Owner": "Javier Manuel",
              "Project": "Lab5"
            },
            "timeouts": null,
            "vpc_id": "vpc-0971b59e324c4d1a7"
          },
          "sensitive_attributes": [],
          "private": "eyJlMmJmYjczMC1lY2FhLTExZTYtOGY4OC0zNDM2M2JjN2M0YzAiOnsiY3JlYXRlIjo2MDAwMDAwMDAwMDAsImRlbGV0ZSI6OTAwMDAwMDAwMDAwfSwic2NoZW1hX3ZlcnNpb24iOiIxIn0=",
          "dependencies": [
            "module.vpc.aws_vpc.this"
          ]
        }
      ]
    },
    {
      "mode": "managed",
      "type": "aws_security_group",
      "name": "cache-sg-lab4",
      "provider": "provider[\"registry.terraform.io/hashicorp/aws\"]",
      "instances": [
        {
          "schema_version": 1,
          "attributes": {
            "arn": "arn:aws:ec2:us-east-1:124355669181:security-group/sg-0468a054fade63713",
            "description": "Security group for cache allowing access from Auto Scaling group",
            "egress": [
              {
                "cidr_blocks": [
                  "0.0.0.0/0"
                ],
                "description": "",
                "from_port": 0,
                "ipv6_cidr_blocks": [],
                "prefix_list_ids": [],
                "protocol": "-1",
                "security_groups": [],
                "self": false,
                "to_port": 0
              }
            ],
            "id": "sg-0468a054fade63713",
            "ingress": [
              {
                "cidr_blocks": [
                  "0.0.0.0/0"
                ],
                "description": "Allow Memcached traffic from Auto Scaling group",
                "from_port": 11211,
                "ipv6_cidr_blocks": [],
                "prefix_list_ids": [],
                "protocol": "tcp",
                "security_groups": [],
                "self": false,
                "to_port": 11211
              },
              {
                "cidr_blocks": [
                  "0.0.0.0/0"
                ],
                "description": "Allow Redis traffic from Auto Scaling group",
                "from_port": 6379,
                "ipv6_cidr_blocks": [],
                "prefix_list_ids": [],
                "protocol": "tcp",
                "security_groups": [],
                "self": false,
                "to_port": 6379
              }
            ],
            "name": "cache-sg-lab4",
            "name_prefix": "",
            "owner_id": "124355669181",
            "revoke_rules_on_delete": false,
            "tags": {
              "Environment": "Test",
              "Owner": "Javier Manuel",
              "Project": "Lab5"
            },
            "tags_all": {
              "Environment": "Test",
              "Owner": "Javier Manuel",
              "Project": "Lab5"
            },
            "timeouts": null,
            "vpc_id": "vpc-0971b59e324c4d1a7"
          },
          "sensitive_attributes": [],
          "private": "eyJlMmJmYjczMC1lY2FhLTExZTYtOGY4OC0zNDM2M2JjN2M0YzAiOnsiY3JlYXRlIjo2MDAwMDAwMDAwMDAsImRlbGV0ZSI6OTAwMDAwMDAwMDAwfSwic2NoZW1hX3ZlcnNpb24iOiIxIn0=",
          "dependencies": [
            "module.vpc.aws_vpc.this"
          ]
        }
      ]
    },
    {
      "mode": "managed",
      "type": "aws_security_group",
      "name": "ec2-sg-lab4",
      "provider": "provider[\"registry.terraform.io/hashicorp/aws\"]",
      "instances": [
        {
          "schema_version": 1,
          "attributes": {
            "arn": "arn:aws:ec2:us-east-1:124355669181:security-group/sg-0068623e0ea6ac68c",
            "description": "Security group for EC2 with HTTP, PostgreSQL, and cache access",
            "egress": [
              {
                "cidr_blocks": [
                  "0.0.0.0/0"
                ],
                "description": "Allow all outbound traffic",
                "from_port": 0,
                "ipv6_cidr_blocks": [],
                "prefix_list_ids": [],
                "protocol": "-1",
                "security_groups": [],
                "self": false,
                "to_port": 0
              }
            ],
            "id": "sg-0068623e0ea6ac68c",
            "ingress": [
              {
                "cidr_blocks": [],
                "description": "Cache Memcached",
                "from_port": 11211,
                "ipv6_cidr_blocks": [],
                "prefix_list_ids": [],
                "protocol": "tcp",
                "security_groups": [
                  "sg-0468a054fade63713"
                ],
                "self": false,
                "to_port": 11211
              },
              {
                "cidr_blocks": [],
                "description": "Cache Redis",
                "from_port": 6379,
                "ipv6_cidr_blocks": [],
                "prefix_list_ids": [],
                "protocol": "tcp",
                "security_groups": [
                  "sg-0468a054fade63713"
                ],
                "self": false,
                "to_port": 6379
              },
              {
                "cidr_blocks": [],
                "description": "EFS",
                "from_port": 2049,
                "ipv6_cidr_blocks": [],
                "prefix_list_ids": [],
                "protocol": "tcp",
                "security_groups": [
                  "sg-0b16a25c29f0e6ebf"
                ],
                "self": false,
                "to_port": 2049
              },
              {
                "cidr_blocks": [],
                "description": "HTTP",
                "from_port": 80,
                "ipv6_cidr_blocks": [],
                "prefix_list_ids": [],
                "protocol": "tcp",
                "security_groups": [
                  "sg-0b16a25c29f0e6ebf"
                ],
                "self": false,
                "to_port": 80
              },
              {
                "cidr_blocks": [],
                "description": "PostgreSQL",
                "from_port": 5432,
                "ipv6_cidr_blocks": [],
                "prefix_list_ids": [],
                "protocol": "tcp",
                "security_groups": [
                  "sg-098ecbaca23d6587b"
                ],
                "self": false,
                "to_port": 5432
              }
            ],
            "name": "ec2-sg-lab4",
            "name_prefix": "",
            "owner_id": "124355669181",
            "revoke_rules_on_delete": false,
            "tags": {
              "Environment": "Test",
              "Owner": "Javier Manuel",
              "Project": "Lab5"
            },
            "tags_all": {
              "Environment": "Test",
              "Owner": "Javier Manuel",
              "Project": "Lab5"
            },
            "timeouts": null,
            "vpc_id": "vpc-0971b59e324c4d1a7"
          },
          "sensitive_attributes": [],
          "private": "eyJlMmJmYjczMC1lY2FhLTExZTYtOGY4OC0zNDM2M2JjN2M0YzAiOnsiY3JlYXRlIjo2MDAwMDAwMDAwMDAsImRlbGV0ZSI6OTAwMDAwMDAwMDAwfSwic2NoZW1hX3ZlcnNpb24iOiIxIn0=",
          "dependencies": [
            "aws_security_group.alb-sg-lab4",
            "aws_security_group.cache-sg-lab4",
            "aws_security_group.rds-sg-lab4",
            "module.vpc.aws_vpc.this"
          ]
        }
      ]
    },
    {
      "mode": "managed",
      "type": "aws_security_group",
      "name": "efs-sg-lab4",
      "provider": "provider[\"registry.terraform.io/hashicorp/aws\"]",
      "instances": [
        {
          "schema_version": 1,
          "attributes": {
            "arn": "arn:aws:ec2:us-east-1:124355669181:security-group/sg-0b90556cd6ac8c21e",
            "description": "Security group for EFS allowing NFS access from EC2",
            "egress": [
              {
                "cidr_blocks": [
                  "0.0.0.0/0"
                ],
                "description": "",
                "from_port": 0,
                "ipv6_cidr_blocks": [],
                "prefix_list_ids": [],
                "protocol": "-1",
                "security_groups": [],
                "self": false,
                "to_port": 0
              }
            ],
            "id": "sg-0b90556cd6ac8c21e",
            "ingress": [
              {
                "cidr_blocks": [
                  "0.0.0.0/0"
                ],
                "description": "Allow NFS from EC2",
                "from_port": 2049,
                "ipv6_cidr_blocks": [],
                "prefix_list_ids": [],
                "protocol": "tcp",
                "security_groups": [],
                "self": false,
                "to_port": 2049
              }
            ],
            "name": "efs-sg-lab4",
            "name_prefix": "",
            "owner_id": "124355669181",
            "revoke_rules_on_delete": false,
            "tags": {
              "Environment": "Test",
              "Owner": "Javier Manuel",
              "Project": "Lab5"
            },
            "tags_all": {
              "Environment": "Test",
              "Owner": "Javier Manuel",
              "Project": "Lab5"
            },
            "timeouts": null,
            "vpc_id": "vpc-0971b59e324c4d1a7"
          },
          "sensitive_attributes": [],
          "private": "eyJlMmJmYjczMC1lY2FhLTExZTYtOGY4OC0zNDM2M2JjN2M0YzAiOnsiY3JlYXRlIjo2MDAwMDAwMDAwMDAsImRlbGV0ZSI6OTAwMDAwMDAwMDAwfSwic2NoZW1hX3ZlcnNpb24iOiIxIn0=",
          "dependencies": [
            "module.vpc.aws_vpc.this"
          ]
        }
      ]
    },
    {
      "mode": "managed",
      "type": "aws_security_group",
      "name": "rds-sg-lab4",
      "provider": "provider[\"registry.terraform.io/hashicorp/aws\"]",
      "instances": [
        {
          "schema_version": 1,
          "attributes": {
            "arn": "arn:aws:ec2:us-east-1:124355669181:security-group/sg-098ecbaca23d6587b",
            "description": "Security group for RDS allowing PostgreSQL traffic from Auto Scaling group",
            "egress": [
              {
                "cidr_blocks": [
                  "0.0.0.0/0"
                ],
                "description": "",
                "from_port": 0,
                "ipv6_cidr_blocks": [],
                "prefix_list_ids": [],
                "protocol": "-1",
                "security_groups": [],
                "self": false,
                "to_port": 0
              }
            ],
            "id": "sg-098ecbaca23d6587b",
            "ingress": [
              {
                "cidr_blocks": [
                  "0.0.0.0/0"
                ],
                "description": "Allow PostgreSQL from Auto Scaling group",
                "from_port": 5432,
                "ipv6_cidr_blocks": [],
                "prefix_list_ids": [],
                "protocol": "tcp",
                "security_groups": [],
                "self": false,
                "to_port": 5432
              }
            ],
            "name": "rds-sg-lab4",
            "name_prefix": "",
            "owner_id": "124355669181",
            "revoke_rules_on_delete": false,
            "tags": {
              "Environment": "Test",
              "Owner": "Javier Manuel",
              "Project": "Lab5"
            },
            "tags_all": {
              "Environment": "Test",
              "Owner": "Javier Manuel",
              "Project": "Lab5"
            },
            "timeouts": null,
            "vpc_id": "vpc-0971b59e324c4d1a7"
          },
          "sensitive_attributes": [],
          "private": "eyJlMmJmYjczMC1lY2FhLTExZTYtOGY4OC0zNDM2M2JjN2M0YzAiOnsiY3JlYXRlIjo2MDAwMDAwMDAwMDAsImRlbGV0ZSI6OTAwMDAwMDAwMDAwfSwic2NoZW1hX3ZlcnNpb24iOiIxIn0=",
          "dependencies": [
            "module.vpc.aws_vpc.this"
          ]
        }
      ]
    },
    {
      "module": "module.vpc",
      "mode": "managed",
      "type": "aws_default_network_acl",
      "name": "this",
      "provider": "provider[\"registry.terraform.io/hashicorp/aws\"]",
      "instances": [
        {
          "index_key": 0,
          "schema_version": 0,
          "attributes": {
            "arn": "arn:aws:ec2:us-east-1:124355669181:network-acl/acl-04d2f03a1becfda0b",
            "default_network_acl_id": "acl-04d2f03a1becfda0b",
            "egress": [
              {
                "action": "allow",
                "cidr_block": "",
                "from_port": 0,
                "icmp_code": 0,
                "icmp_type": 0,
                "ipv6_cidr_block": "::/0",
                "protocol": "-1",
                "rule_no": 101,
                "to_port": 0
              },
              {
                "action": "allow",
                "cidr_block": "0.0.0.0/0",
                "from_port": 0,
                "icmp_code": 0,
                "icmp_type": 0,
                "ipv6_cidr_block": "",
                "protocol": "-1",
                "rule_no": 100,
                "to_port": 0
              }
            ],
            "id": "acl-04d2f03a1becfda0b",
            "ingress": [
              {
                "action": "allow",
                "cidr_block": "",
                "from_port": 0,
                "icmp_code": 0,
                "icmp_type": 0,
                "ipv6_cidr_block": "::/0",
                "protocol": "-1",
                "rule_no": 101,
                "to_port": 0
              },
              {
                "action": "allow",
                "cidr_block": "0.0.0.0/0",
                "from_port": 0,
                "icmp_code": 0,
                "icmp_type": 0,
                "ipv6_cidr_block": "",
                "protocol": "-1",
                "rule_no": 100,
                "to_port": 0
              }
            ],
            "owner_id": "124355669181",
            "subnet_ids": [
              "subnet-0112b7f0e0227f438",
              "subnet-03b53644fc5e43ba4",
              "subnet-0b244e5c00616ef82",
              "subnet-0de877c3673224d40"
            ],
            "tags": {
              "Environment": "Test",
              "Name": "Lab5-default",
              "Owner": "Javier Manuel",
              "Project": "Lab5"
            },
            "tags_all": {
              "Environment": "Test",
              "Name": "Lab5-default",
              "Owner": "Javier Manuel",
              "Project": "Lab5"
            },
            "vpc_id": "vpc-0971b59e324c4d1a7"
          },
          "sensitive_attributes": [],
          "private": "bnVsbA==",
          "dependencies": [
            "module.vpc.aws_vpc.this"
          ]
        }
      ]
    },
    {
      "module": "module.vpc",
      "mode": "managed",
      "type": "aws_default_route_table",
      "name": "default",
      "provider": "provider[\"registry.terraform.io/hashicorp/aws\"]",
      "instances": [
        {
          "index_key": 0,
          "schema_version": 0,
          "attributes": {
            "arn": "arn:aws:ec2:us-east-1:124355669181:route-table/rtb-05145eae9cc8ccf64",
            "default_route_table_id": "rtb-05145eae9cc8ccf64",
            "id": "rtb-05145eae9cc8ccf64",
            "owner_id": "124355669181",
            "propagating_vgws": [],
            "route": [],
            "tags": {
              "Environment": "Test",
              "Name": "Lab5-default",
              "Owner": "Javier Manuel",
              "Project": "Lab5"
            },
            "tags_all": {
              "Environment": "Test",
              "Name": "Lab5-default",
              "Owner": "Javier Manuel",
              "Project": "Lab5"
            },
            "timeouts": {
              "create": "5m",
              "update": "5m"
            },
            "vpc_id": "vpc-0971b59e324c4d1a7"
          },
          "sensitive_attributes": [],
          "private": "eyJlMmJmYjczMC1lY2FhLTExZTYtOGY4OC0zNDM2M2JjN2M0YzAiOnsiY3JlYXRlIjozMDAwMDAwMDAwMDAsInVwZGF0ZSI6MzAwMDAwMDAwMDAwfX0=",
          "dependencies": [
            "module.vpc.aws_vpc.this"
          ]
        }
      ]
    },
    {
      "module": "module.vpc",
      "mode": "managed",
      "type": "aws_default_security_group",
      "name": "this",
      "provider": "provider[\"registry.terraform.io/hashicorp/aws\"]",
      "instances": [
        {
          "index_key": 0,
          "schema_version": 1,
          "attributes": {
            "arn": "arn:aws:ec2:us-east-1:124355669181:security-group/sg-07ddb72ba63a9f5ae",
            "description": "default VPC security group",
            "egress": [],
            "id": "sg-07ddb72ba63a9f5ae",
            "ingress": [],
            "name": "default",
            "name_prefix": "",
            "owner_id": "124355669181",
            "revoke_rules_on_delete": false,
            "tags": {
              "Environment": "Test",
              "Name": "Lab5-default",
              "Owner": "Javier Manuel",
              "Project": "Lab5"
            },
            "tags_all": {
              "Environment": "Test",
              "Name": "Lab5-default",
              "Owner": "Javier Manuel",
              "Project": "Lab5"
            },
            "vpc_id": "vpc-0971b59e324c4d1a7"
          },
          "sensitive_attributes": [],
          "private": "eyJzY2hlbWFfdmVyc2lvbiI6IjEifQ==",
          "dependencies": [
            "module.vpc.aws_vpc.this"
          ]
        }
      ]
    },
    {
      "module": "module.vpc",
      "mode": "managed",
      "type": "aws_eip",
      "name": "nat",
      "provider": "provider[\"registry.terraform.io/hashicorp/aws\"]",
      "instances": [
        {
          "index_key": 0,
          "schema_version": 0,
          "attributes": {
            "address": null,
            "allocation_id": "eipalloc-0a4c6166ba7fb04e2",
            "arn": "arn:aws:ec2:us-east-1:124355669181:elastic-ip/eipalloc-0a4c6166ba7fb04e2",
            "associate_with_private_ip": null,
            "association_id": "eipassoc-06a41ffc93e0809d6",
            "carrier_ip": "",
            "customer_owned_ip": "",
            "customer_owned_ipv4_pool": "",
            "domain": "vpc",
            "id": "eipalloc-0a4c6166ba7fb04e2",
            "instance": "",
            "ipam_pool_id": null,
            "network_border_group": "us-east-1",
            "network_interface": "eni-0b5cf0d1c2eab6772",
            "private_dns": "ip-10-0-101-83.ec2.internal",
            "private_ip": "10.0.101.83",
            "ptr_record": "",
            "public_dns": "ec2-34-200-110-207.compute-1.amazonaws.com",
            "public_ip": "34.200.110.207",
            "public_ipv4_pool": "amazon",
            "tags": {
              "Environment": "Test",
              "Name": "Lab5-us-east-1a",
              "Owner": "Javier Manuel",
              "Project": "Lab5"
            },
            "tags_all": {
              "Environment": "Test",
              "Name": "Lab5-us-east-1a",
              "Owner": "Javier Manuel",
              "Project": "Lab5"
            },
            "timeouts": null,
            "vpc": true
          },
          "sensitive_attributes": [],
          "private": "eyJlMmJmYjczMC1lY2FhLTExZTYtOGY4OC0zNDM2M2JjN2M0YzAiOnsiZGVsZXRlIjoxODAwMDAwMDAwMDAsInJlYWQiOjkwMDAwMDAwMDAwMCwidXBkYXRlIjozMDAwMDAwMDAwMDB9fQ==",
          "dependencies": [
            "module.vpc.aws_internet_gateway.this",
            "module.vpc.aws_vpc.this",
            "module.vpc.aws_vpc_ipv4_cidr_block_association.this"
          ]
        },
        {
          "index_key": 1,
          "schema_version": 0,
          "attributes": {
            "address": null,
            "allocation_id": "eipalloc-0e5447699c4b06aac",
            "arn": "arn:aws:ec2:us-east-1:124355669181:elastic-ip/eipalloc-0e5447699c4b06aac",
            "associate_with_private_ip": null,
            "association_id": "eipassoc-0045473a52d5f9802",
            "carrier_ip": "",
            "customer_owned_ip": "",
            "customer_owned_ipv4_pool": "",
            "domain": "vpc",
            "id": "eipalloc-0e5447699c4b06aac",
            "instance": "",
            "ipam_pool_id": null,
            "network_border_group": "us-east-1",
            "network_interface": "eni-0aa3fe8fc6804d580",
            "private_dns": "ip-10-0-102-163.ec2.internal",
            "private_ip": "10.0.102.163",
            "ptr_record": "",
            "public_dns": "ec2-54-226-185-21.compute-1.amazonaws.com",
            "public_ip": "54.226.185.21",
            "public_ipv4_pool": "amazon",
            "tags": {
              "Environment": "Test",
              "Name": "Lab5-us-east-1b",
              "Owner": "Javier Manuel",
              "Project": "Lab5"
            },
            "tags_all": {
              "Environment": "Test",
              "Name": "Lab5-us-east-1b",
              "Owner": "Javier Manuel",
              "Project": "Lab5"
            },
            "timeouts": null,
            "vpc": true
          },
          "sensitive_attributes": [],
          "private": "eyJlMmJmYjczMC1lY2FhLTExZTYtOGY4OC0zNDM2M2JjN2M0YzAiOnsiZGVsZXRlIjoxODAwMDAwMDAwMDAsInJlYWQiOjkwMDAwMDAwMDAwMCwidXBkYXRlIjozMDAwMDAwMDAwMDB9fQ==",
          "dependencies": [
            "module.vpc.aws_internet_gateway.this",
            "module.vpc.aws_vpc.this",
            "module.vpc.aws_vpc_ipv4_cidr_block_association.this"
          ]
        }
      ]
    },
    {
      "module": "module.vpc",
      "mode": "managed",
      "type": "aws_internet_gateway",
      "name": "this",
      "provider": "provider[\"registry.terraform.io/hashicorp/aws\"]",
      "instances": [
        {
          "index_key": 0,
          "schema_version": 0,
          "attributes": {
            "arn": "arn:aws:ec2:us-east-1:124355669181:internet-gateway/igw-06adb4b45b68d7786",
            "id": "igw-06adb4b45b68d7786",
            "owner_id": "124355669181",
            "tags": {
              "Environment": "Test",
              "Name": "Lab5",
              "Owner": "Javier Manuel",
              "Project": "Lab5"
            },
            "tags_all": {
              "Environment": "Test",
              "Name": "Lab5",
              "Owner": "Javier Manuel",
              "Project": "Lab5"
            },
            "timeouts": null,
            "vpc_id": "vpc-0971b59e324c4d1a7"
          },
          "sensitive_attributes": [],
          "private": "eyJlMmJmYjczMC1lY2FhLTExZTYtOGY4OC0zNDM2M2JjN2M0YzAiOnsiY3JlYXRlIjoxMjAwMDAwMDAwMDAwLCJkZWxldGUiOjEyMDAwMDAwMDAwMDAsInVwZGF0ZSI6MTIwMDAwMDAwMDAwMH19",
          "dependencies": [
            "module.vpc.aws_vpc.this",
            "module.vpc.aws_vpc_ipv4_cidr_block_association.this"
          ]
        }
      ]
    },
    {
      "module": "module.vpc",
      "mode": "managed",
      "type": "aws_nat_gateway",
      "name": "this",
      "provider": "provider[\"registry.terraform.io/hashicorp/aws\"]",
      "instances": [
        {
          "index_key": 0,
          "schema_version": 0,
          "attributes": {
            "allocation_id": "eipalloc-0a4c6166ba7fb04e2",
            "association_id": "eipassoc-06a41ffc93e0809d6",
            "connectivity_type": "public",
            "id": "nat-0d4238f9c9d62e50d",
            "network_interface_id": "eni-0b5cf0d1c2eab6772",
            "private_ip": "10.0.101.83",
            "public_ip": "34.200.110.207",
            "secondary_allocation_ids": [],
            "secondary_private_ip_address_count": 0,
            "secondary_private_ip_addresses": [],
            "subnet_id": "subnet-0b244e5c00616ef82",
            "tags": {
              "Environment": "Test",
              "Name": "Lab5-us-east-1a",
              "Owner": "Javier Manuel",
              "Project": "Lab5"
            },
            "tags_all": {
              "Environment": "Test",
              "Name": "Lab5-us-east-1a",
              "Owner": "Javier Manuel",
              "Project": "Lab5"
            },
            "timeouts": null
          },
          "sensitive_attributes": [],
          "private": "eyJlMmJmYjczMC1lY2FhLTExZTYtOGY4OC0zNDM2M2JjN2M0YzAiOnsiY3JlYXRlIjo2MDAwMDAwMDAwMDAsImRlbGV0ZSI6MTgwMDAwMDAwMDAwMCwidXBkYXRlIjo2MDAwMDAwMDAwMDB9fQ==",
          "dependencies": [
            "module.vpc.aws_eip.nat",
            "module.vpc.aws_internet_gateway.this",
            "module.vpc.aws_subnet.public",
            "module.vpc.aws_vpc.this",
            "module.vpc.aws_vpc_ipv4_cidr_block_association.this"
          ]
        },
        {
          "index_key": 1,
          "schema_version": 0,
          "attributes": {
            "allocation_id": "eipalloc-0e5447699c4b06aac",
            "association_id": "eipassoc-0045473a52d5f9802",
            "connectivity_type": "public",
            "id": "nat-009002864d504bdd2",
            "network_interface_id": "eni-0aa3fe8fc6804d580",
            "private_ip": "10.0.102.163",
            "public_ip": "54.226.185.21",
            "secondary_allocation_ids": [],
            "secondary_private_ip_address_count": 0,
            "secondary_private_ip_addresses": [],
            "subnet_id": "subnet-0de877c3673224d40",
            "tags": {
              "Environment": "Test",
              "Name": "Lab5-us-east-1b",
              "Owner": "Javier Manuel",
              "Project": "Lab5"
            },
            "tags_all": {
              "Environment": "Test",
              "Name": "Lab5-us-east-1b",
              "Owner": "Javier Manuel",
              "Project": "Lab5"
            },
            "timeouts": null
          },
          "sensitive_attributes": [],
          "private": "eyJlMmJmYjczMC1lY2FhLTExZTYtOGY4OC0zNDM2M2JjN2M0YzAiOnsiY3JlYXRlIjo2MDAwMDAwMDAwMDAsImRlbGV0ZSI6MTgwMDAwMDAwMDAwMCwidXBkYXRlIjo2MDAwMDAwMDAwMDB9fQ==",
          "dependencies": [
            "module.vpc.aws_eip.nat",
            "module.vpc.aws_internet_gateway.this",
            "module.vpc.aws_subnet.public",
            "module.vpc.aws_vpc.this",
            "module.vpc.aws_vpc_ipv4_cidr_block_association.this"
          ]
        }
      ]
    },
    {
      "module": "module.vpc",
      "mode": "managed",
      "type": "aws_route",
      "name": "private_nat_gateway",
      "provider": "provider[\"registry.terraform.io/hashicorp/aws\"]",
      "instances": [
        {
          "index_key": 0,
          "schema_version": 0,
          "attributes": {
            "carrier_gateway_id": "",
            "core_network_arn": "",
            "destination_cidr_block": "0.0.0.0/0",
            "destination_ipv6_cidr_block": "",
            "destination_prefix_list_id": "",
            "egress_only_gateway_id": "",
            "gateway_id": "",
            "id": "r-rtb-0778eda12b5519af91080289494",
            "instance_id": "",
            "instance_owner_id": "",
            "local_gateway_id": "",
            "nat_gateway_id": "nat-0d4238f9c9d62e50d",
            "network_interface_id": "",
            "origin": "CreateRoute",
            "route_table_id": "rtb-0778eda12b5519af9",
            "state": "active",
            "timeouts": {
              "create": "5m",
              "delete": null,
              "update": null
            },
            "transit_gateway_id": "",
            "vpc_endpoint_id": "",
            "vpc_peering_connection_id": ""
          },
          "sensitive_attributes": [],
          "private": "eyJlMmJmYjczMC1lY2FhLTExZTYtOGY4OC0zNDM2M2JjN2M0YzAiOnsiY3JlYXRlIjozMDAwMDAwMDAwMDAsImRlbGV0ZSI6MzAwMDAwMDAwMDAwLCJ1cGRhdGUiOjEyMDAwMDAwMDAwMH19",
          "dependencies": [
            "module.vpc.aws_eip.nat",
            "module.vpc.aws_internet_gateway.this",
            "module.vpc.aws_nat_gateway.this",
            "module.vpc.aws_route_table.private",
            "module.vpc.aws_subnet.public",
            "module.vpc.aws_vpc.this",
            "module.vpc.aws_vpc_ipv4_cidr_block_association.this"
          ]
        },
        {
          "index_key": 1,
          "schema_version": 0,
          "attributes": {
            "carrier_gateway_id": "",
            "core_network_arn": "",
            "destination_cidr_block": "0.0.0.0/0",
            "destination_ipv6_cidr_block": "",
            "destination_prefix_list_id": "",
            "egress_only_gateway_id": "",
            "gateway_id": "",
            "id": "r-rtb-0abdb17d74f0488a51080289494",
            "instance_id": "",
            "instance_owner_id": "",
            "local_gateway_id": "",
            "nat_gateway_id": "nat-009002864d504bdd2",
            "network_interface_id": "",
            "origin": "CreateRoute",
            "route_table_id": "rtb-0abdb17d74f0488a5",
            "state": "active",
            "timeouts": {
              "create": "5m",
              "delete": null,
              "update": null
            },
            "transit_gateway_id": "",
            "vpc_endpoint_id": "",
            "vpc_peering_connection_id": ""
          },
          "sensitive_attributes": [],
          "private": "eyJlMmJmYjczMC1lY2FhLTExZTYtOGY4OC0zNDM2M2JjN2M0YzAiOnsiY3JlYXRlIjozMDAwMDAwMDAwMDAsImRlbGV0ZSI6MzAwMDAwMDAwMDAwLCJ1cGRhdGUiOjEyMDAwMDAwMDAwMH19",
          "dependencies": [
            "module.vpc.aws_eip.nat",
            "module.vpc.aws_internet_gateway.this",
            "module.vpc.aws_nat_gateway.this",
            "module.vpc.aws_route_table.private",
            "module.vpc.aws_subnet.public",
            "module.vpc.aws_vpc.this",
            "module.vpc.aws_vpc_ipv4_cidr_block_association.this"
          ]
        }
      ]
    },
    {
      "module": "module.vpc",
      "mode": "managed",
      "type": "aws_route",
      "name": "public_internet_gateway",
      "provider": "provider[\"registry.terraform.io/hashicorp/aws\"]",
      "instances": [
        {
          "index_key": 0,
          "schema_version": 0,
          "attributes": {
            "carrier_gateway_id": "",
            "core_network_arn": "",
            "destination_cidr_block": "0.0.0.0/0",
            "destination_ipv6_cidr_block": "",
            "destination_prefix_list_id": "",
            "egress_only_gateway_id": "",
            "gateway_id": "igw-06adb4b45b68d7786",
            "id": "r-rtb-060201a2734582e661080289494",
            "instance_id": "",
            "instance_owner_id": "",
            "local_gateway_id": "",
            "nat_gateway_id": "",
            "network_interface_id": "",
            "origin": "CreateRoute",
            "route_table_id": "rtb-060201a2734582e66",
            "state": "active",
            "timeouts": {
              "create": "5m",
              "delete": null,
              "update": null
            },
            "transit_gateway_id": "",
            "vpc_endpoint_id": "",
            "vpc_peering_connection_id": ""
          },
          "sensitive_attributes": [],
          "private": "eyJlMmJmYjczMC1lY2FhLTExZTYtOGY4OC0zNDM2M2JjN2M0YzAiOnsiY3JlYXRlIjozMDAwMDAwMDAwMDAsImRlbGV0ZSI6MzAwMDAwMDAwMDAwLCJ1cGRhdGUiOjEyMDAwMDAwMDAwMH19",
          "dependencies": [
            "module.vpc.aws_internet_gateway.this",
            "module.vpc.aws_route_table.public",
            "module.vpc.aws_vpc.this",
            "module.vpc.aws_vpc_ipv4_cidr_block_association.this"
          ]
        }
      ]
    },
    {
      "module": "module.vpc",
      "mode": "managed",
      "type": "aws_route_table",
      "name": "private",
      "provider": "provider[\"registry.terraform.io/hashicorp/aws\"]",
      "instances": [
        {
          "index_key": 0,
          "schema_version": 0,
          "attributes": {
            "arn": "arn:aws:ec2:us-east-1:124355669181:route-table/rtb-0778eda12b5519af9",
            "id": "rtb-0778eda12b5519af9",
            "owner_id": "124355669181",
            "propagating_vgws": [],
            "route": [
              {
                "carrier_gateway_id": "",
                "cidr_block": "0.0.0.0/0",
                "core_network_arn": "",
                "destination_prefix_list_id": "",
                "egress_only_gateway_id": "",
                "gateway_id": "",
                "ipv6_cidr_block": "",
                "local_gateway_id": "",
                "nat_gateway_id": "nat-0d4238f9c9d62e50d",
                "network_interface_id": "",
                "transit_gateway_id": "",
                "vpc_endpoint_id": "",
                "vpc_peering_connection_id": ""
              }
            ],
            "tags": {
              "Environment": "Test",
              "Name": "Lab5-private-us-east-1a",
              "Owner": "Javier Manuel",
              "Project": "Lab5"
            },
            "tags_all": {
              "Environment": "Test",
              "Name": "Lab5-private-us-east-1a",
              "Owner": "Javier Manuel",
              "Project": "Lab5"
            },
            "timeouts": null,
            "vpc_id": "vpc-0971b59e324c4d1a7"
          },
          "sensitive_attributes": [],
          "private": "eyJlMmJmYjczMC1lY2FhLTExZTYtOGY4OC0zNDM2M2JjN2M0YzAiOnsiY3JlYXRlIjozMDAwMDAwMDAwMDAsImRlbGV0ZSI6MzAwMDAwMDAwMDAwLCJ1cGRhdGUiOjEyMDAwMDAwMDAwMH19",
          "dependencies": [
            "module.vpc.aws_vpc.this",
            "module.vpc.aws_vpc_ipv4_cidr_block_association.this"
          ]
        },
        {
          "index_key": 1,
          "schema_version": 0,
          "attributes": {
            "arn": "arn:aws:ec2:us-east-1:124355669181:route-table/rtb-0abdb17d74f0488a5",
            "id": "rtb-0abdb17d74f0488a5",
            "owner_id": "124355669181",
            "propagating_vgws": [],
            "route": [
              {
                "carrier_gateway_id": "",
                "cidr_block": "0.0.0.0/0",
                "core_network_arn": "",
                "destination_prefix_list_id": "",
                "egress_only_gateway_id": "",
                "gateway_id": "",
                "ipv6_cidr_block": "",
                "local_gateway_id": "",
                "nat_gateway_id": "nat-009002864d504bdd2",
                "network_interface_id": "",
                "transit_gateway_id": "",
                "vpc_endpoint_id": "",
                "vpc_peering_connection_id": ""
              }
            ],
            "tags": {
              "Environment": "Test",
              "Name": "Lab5-private-us-east-1b",
              "Owner": "Javier Manuel",
              "Project": "Lab5"
            },
            "tags_all": {
              "Environment": "Test",
              "Name": "Lab5-private-us-east-1b",
              "Owner": "Javier Manuel",
              "Project": "Lab5"
            },
            "timeouts": null,
            "vpc_id": "vpc-0971b59e324c4d1a7"
          },
          "sensitive_attributes": [],
          "private": "eyJlMmJmYjczMC1lY2FhLTExZTYtOGY4OC0zNDM2M2JjN2M0YzAiOnsiY3JlYXRlIjozMDAwMDAwMDAwMDAsImRlbGV0ZSI6MzAwMDAwMDAwMDAwLCJ1cGRhdGUiOjEyMDAwMDAwMDAwMH19",
          "dependencies": [
            "module.vpc.aws_vpc.this",
            "module.vpc.aws_vpc_ipv4_cidr_block_association.this"
          ]
        }
      ]
    },
    {
      "module": "module.vpc",
      "mode": "managed",
      "type": "aws_route_table",
      "name": "public",
      "provider": "provider[\"registry.terraform.io/hashicorp/aws\"]",
      "instances": [
        {
          "index_key": 0,
          "schema_version": 0,
          "attributes": {
            "arn": "arn:aws:ec2:us-east-1:124355669181:route-table/rtb-060201a2734582e66",
            "id": "rtb-060201a2734582e66",
            "owner_id": "124355669181",
            "propagating_vgws": [],
            "route": [
              {
                "carrier_gateway_id": "",
                "cidr_block": "0.0.0.0/0",
                "core_network_arn": "",
                "destination_prefix_list_id": "",
                "egress_only_gateway_id": "",
                "gateway_id": "igw-06adb4b45b68d7786",
                "ipv6_cidr_block": "",
                "local_gateway_id": "",
                "nat_gateway_id": "",
                "network_interface_id": "",
                "transit_gateway_id": "",
                "vpc_endpoint_id": "",
                "vpc_peering_connection_id": ""
              }
            ],
            "tags": {
              "Environment": "Test",
              "Name": "Lab5-public",
              "Owner": "Javier Manuel",
              "Project": "Lab5"
            },
            "tags_all": {
              "Environment": "Test",
              "Name": "Lab5-public",
              "Owner": "Javier Manuel",
              "Project": "Lab5"
            },
            "timeouts": null,
            "vpc_id": "vpc-0971b59e324c4d1a7"
          },
          "sensitive_attributes": [],
          "private": "eyJlMmJmYjczMC1lY2FhLTExZTYtOGY4OC0zNDM2M2JjN2M0YzAiOnsiY3JlYXRlIjozMDAwMDAwMDAwMDAsImRlbGV0ZSI6MzAwMDAwMDAwMDAwLCJ1cGRhdGUiOjEyMDAwMDAwMDAwMH19",
          "dependencies": [
            "module.vpc.aws_vpc.this",
            "module.vpc.aws_vpc_ipv4_cidr_block_association.this"
          ]
        }
      ]
    },
    {
      "module": "module.vpc",
      "mode": "managed",
      "type": "aws_route_table_association",
      "name": "private",
      "provider": "provider[\"registry.terraform.io/hashicorp/aws\"]",
      "instances": [
        {
          "index_key": 0,
          "schema_version": 0,
          "attributes": {
            "gateway_id": "",
            "id": "rtbassoc-044d413f39dcc70c6",
            "route_table_id": "rtb-0778eda12b5519af9",
            "subnet_id": "subnet-03b53644fc5e43ba4",
            "timeouts": null
          },
          "sensitive_attributes": [],
          "private": "eyJlMmJmYjczMC1lY2FhLTExZTYtOGY4OC0zNDM2M2JjN2M0YzAiOnsiY3JlYXRlIjozMDAwMDAwMDAwMDAsImRlbGV0ZSI6MzAwMDAwMDAwMDAwLCJ1cGRhdGUiOjEyMDAwMDAwMDAwMH19",
          "dependencies": [
            "module.vpc.aws_route_table.private",
            "module.vpc.aws_subnet.private",
            "module.vpc.aws_vpc.this",
            "module.vpc.aws_vpc_ipv4_cidr_block_association.this"
          ]
        },
        {
          "index_key": 1,
          "schema_version": 0,
          "attributes": {
            "gateway_id": "",
            "id": "rtbassoc-0b7f4db44eacb3550",
            "route_table_id": "rtb-0abdb17d74f0488a5",
            "subnet_id": "subnet-0112b7f0e0227f438",
            "timeouts": null
          },
          "sensitive_attributes": [],
          "private": "eyJlMmJmYjczMC1lY2FhLTExZTYtOGY4OC0zNDM2M2JjN2M0YzAiOnsiY3JlYXRlIjozMDAwMDAwMDAwMDAsImRlbGV0ZSI6MzAwMDAwMDAwMDAwLCJ1cGRhdGUiOjEyMDAwMDAwMDAwMH19",
          "dependencies": [
            "module.vpc.aws_route_table.private",
            "module.vpc.aws_subnet.private",
            "module.vpc.aws_vpc.this",
            "module.vpc.aws_vpc_ipv4_cidr_block_association.this"
          ]
        }
      ]
    },
    {
      "module": "module.vpc",
      "mode": "managed",
      "type": "aws_route_table_association",
      "name": "public",
      "provider": "provider[\"registry.terraform.io/hashicorp/aws\"]",
      "instances": [
        {
          "index_key": 0,
          "schema_version": 0,
          "attributes": {
            "gateway_id": "",
            "id": "rtbassoc-0191d017ef175af83",
            "route_table_id": "rtb-060201a2734582e66",
            "subnet_id": "subnet-0b244e5c00616ef82",
            "timeouts": null
          },
          "sensitive_attributes": [],
          "private": "eyJlMmJmYjczMC1lY2FhLTExZTYtOGY4OC0zNDM2M2JjN2M0YzAiOnsiY3JlYXRlIjozMDAwMDAwMDAwMDAsImRlbGV0ZSI6MzAwMDAwMDAwMDAwLCJ1cGRhdGUiOjEyMDAwMDAwMDAwMH19",
          "dependencies": [
            "module.vpc.aws_route_table.public",
            "module.vpc.aws_subnet.public",
            "module.vpc.aws_vpc.this",
            "module.vpc.aws_vpc_ipv4_cidr_block_association.this"
          ]
        },
        {
          "index_key": 1,
          "schema_version": 0,
          "attributes": {
            "gateway_id": "",
            "id": "rtbassoc-0648ceb4f6abfd464",
            "route_table_id": "rtb-060201a2734582e66",
            "subnet_id": "subnet-0de877c3673224d40",
            "timeouts": null
          },
          "sensitive_attributes": [],
          "private": "eyJlMmJmYjczMC1lY2FhLTExZTYtOGY4OC0zNDM2M2JjN2M0YzAiOnsiY3JlYXRlIjozMDAwMDAwMDAwMDAsImRlbGV0ZSI6MzAwMDAwMDAwMDAwLCJ1cGRhdGUiOjEyMDAwMDAwMDAwMH19",
          "dependencies": [
            "module.vpc.aws_route_table.public",
            "module.vpc.aws_subnet.public",
            "module.vpc.aws_vpc.this",
            "module.vpc.aws_vpc_ipv4_cidr_block_association.this"
          ]
        }
      ]
    },
    {
      "module": "module.vpc",
      "mode": "managed",
      "type": "aws_subnet",
      "name": "private",
      "provider": "provider[\"registry.terraform.io/hashicorp/aws\"]",
      "instances": [
        {
          "index_key": 0,
          "schema_version": 1,
          "attributes": {
            "arn": "arn:aws:ec2:us-east-1:124355669181:subnet/subnet-03b53644fc5e43ba4",
            "assign_ipv6_address_on_creation": false,
            "availability_zone": "us-east-1a",
            "availability_zone_id": "use1-az4",
            "cidr_block": "10.0.11.0/24",
            "customer_owned_ipv4_pool": "",
            "enable_dns64": false,
            "enable_lni_at_device_index": 0,
            "enable_resource_name_dns_a_record_on_launch": false,
            "enable_resource_name_dns_aaaa_record_on_launch": false,
            "id": "subnet-03b53644fc5e43ba4",
            "ipv6_cidr_block": "",
            "ipv6_cidr_block_association_id": "",
            "ipv6_native": false,
            "map_customer_owned_ip_on_launch": false,
            "map_public_ip_on_launch": false,
            "outpost_arn": "",
            "owner_id": "124355669181",
            "private_dns_hostname_type_on_launch": "ip-name",
            "tags": {
              "Environment": "Test",
              "Name": "Lab5-private-us-east-1a",
              "Owner": "Javier Manuel",
              "Project": "Lab5"
            },
            "tags_all": {
              "Environment": "Test",
              "Name": "Lab5-private-us-east-1a",
              "Owner": "Javier Manuel",
              "Project": "Lab5"
            },
            "timeouts": null,
            "vpc_id": "vpc-0971b59e324c4d1a7"
          },
          "sensitive_attributes": [],
          "private": "eyJlMmJmYjczMC1lY2FhLTExZTYtOGY4OC0zNDM2M2JjN2M0YzAiOnsiY3JlYXRlIjo2MDAwMDAwMDAwMDAsImRlbGV0ZSI6MTIwMDAwMDAwMDAwMH0sInNjaGVtYV92ZXJzaW9uIjoiMSJ9",
          "dependencies": [
            "module.vpc.aws_vpc.this",
            "module.vpc.aws_vpc_ipv4_cidr_block_association.this"
          ]
        },
        {
          "index_key": 1,
          "schema_version": 1,
          "attributes": {
            "arn": "arn:aws:ec2:us-east-1:124355669181:subnet/subnet-0112b7f0e0227f438",
            "assign_ipv6_address_on_creation": false,
            "availability_zone": "us-east-1b",
            "availability_zone_id": "use1-az6",
            "cidr_block": "10.0.12.0/24",
            "customer_owned_ipv4_pool": "",
            "enable_dns64": false,
            "enable_lni_at_device_index": 0,
            "enable_resource_name_dns_a_record_on_launch": false,
            "enable_resource_name_dns_aaaa_record_on_launch": false,
            "id": "subnet-0112b7f0e0227f438",
            "ipv6_cidr_block": "",
            "ipv6_cidr_block_association_id": "",
            "ipv6_native": false,
            "map_customer_owned_ip_on_launch": false,
            "map_public_ip_on_launch": false,
            "outpost_arn": "",
            "owner_id": "124355669181",
            "private_dns_hostname_type_on_launch": "ip-name",
            "tags": {
              "Environment": "Test",
              "Name": "Lab5-private-us-east-1b",
              "Owner": "Javier Manuel",
              "Project": "Lab5"
            },
            "tags_all": {
              "Environment": "Test",
              "Name": "Lab5-private-us-east-1b",
              "Owner": "Javier Manuel",
              "Project": "Lab5"
            },
            "timeouts": null,
            "vpc_id": "vpc-0971b59e324c4d1a7"
          },
          "sensitive_attributes": [],
          "private": "eyJlMmJmYjczMC1lY2FhLTExZTYtOGY4OC0zNDM2M2JjN2M0YzAiOnsiY3JlYXRlIjo2MDAwMDAwMDAwMDAsImRlbGV0ZSI6MTIwMDAwMDAwMDAwMH0sInNjaGVtYV92ZXJzaW9uIjoiMSJ9",
          "dependencies": [
            "module.vpc.aws_vpc.this",
            "module.vpc.aws_vpc_ipv4_cidr_block_association.this"
          ]
        }
      ]
    },
    {
      "module": "module.vpc",
      "mode": "managed",
      "type": "aws_subnet",
      "name": "public",
      "provider": "provider[\"registry.terraform.io/hashicorp/aws\"]",
      "instances": [
        {
          "index_key": 0,
          "schema_version": 1,
          "attributes": {
            "arn": "arn:aws:ec2:us-east-1:124355669181:subnet/subnet-0b244e5c00616ef82",
            "assign_ipv6_address_on_creation": false,
            "availability_zone": "us-east-1a",
            "availability_zone_id": "use1-az4",
            "cidr_block": "10.0.101.0/24",
            "customer_owned_ipv4_pool": "",
            "enable_dns64": false,
            "enable_lni_at_device_index": 0,
            "enable_resource_name_dns_a_record_on_launch": false,
            "enable_resource_name_dns_aaaa_record_on_launch": false,
            "id": "subnet-0b244e5c00616ef82",
            "ipv6_cidr_block": "",
            "ipv6_cidr_block_association_id": "",
            "ipv6_native": false,
            "map_customer_owned_ip_on_launch": false,
            "map_public_ip_on_launch": false,
            "outpost_arn": "",
            "owner_id": "124355669181",
            "private_dns_hostname_type_on_launch": "ip-name",
            "tags": {
              "Environment": "Test",
              "Name": "Lab5-public-us-east-1a",
              "Owner": "Javier Manuel",
              "Project": "Lab5"
            },
            "tags_all": {
              "Environment": "Test",
              "Name": "Lab5-public-us-east-1a",
              "Owner": "Javier Manuel",
              "Project": "Lab5"
            },
            "timeouts": null,
            "vpc_id": "vpc-0971b59e324c4d1a7"
          },
          "sensitive_attributes": [],
          "private": "eyJlMmJmYjczMC1lY2FhLTExZTYtOGY4OC0zNDM2M2JjN2M0YzAiOnsiY3JlYXRlIjo2MDAwMDAwMDAwMDAsImRlbGV0ZSI6MTIwMDAwMDAwMDAwMH0sInNjaGVtYV92ZXJzaW9uIjoiMSJ9",
          "dependencies": [
            "module.vpc.aws_vpc.this",
            "module.vpc.aws_vpc_ipv4_cidr_block_association.this"
          ]
        },
        {
          "index_key": 1,
          "schema_version": 1,
          "attributes": {
            "arn": "arn:aws:ec2:us-east-1:124355669181:subnet/subnet-0de877c3673224d40",
            "assign_ipv6_address_on_creation": false,
            "availability_zone": "us-east-1b",
            "availability_zone_id": "use1-az6",
            "cidr_block": "10.0.102.0/24",
            "customer_owned_ipv4_pool": "",
            "enable_dns64": false,
            "enable_lni_at_device_index": 0,
            "enable_resource_name_dns_a_record_on_launch": false,
            "enable_resource_name_dns_aaaa_record_on_launch": false,
            "id": "subnet-0de877c3673224d40",
            "ipv6_cidr_block": "",
            "ipv6_cidr_block_association_id": "",
            "ipv6_native": false,
            "map_customer_owned_ip_on_launch": false,
            "map_public_ip_on_launch": false,
            "outpost_arn": "",
            "owner_id": "124355669181",
            "private_dns_hostname_type_on_launch": "ip-name",
            "tags": {
              "Environment": "Test",
              "Name": "Lab5-public-us-east-1b",
              "Owner": "Javier Manuel",
              "Project": "Lab5"
            },
            "tags_all": {
              "Environment": "Test",
              "Name": "Lab5-public-us-east-1b",
              "Owner": "Javier Manuel",
              "Project": "Lab5"
            },
            "timeouts": null,
            "vpc_id": "vpc-0971b59e324c4d1a7"
          },
          "sensitive_attributes": [],
          "private": "eyJlMmJmYjczMC1lY2FhLTExZTYtOGY4OC0zNDM2M2JjN2M0YzAiOnsiY3JlYXRlIjo2MDAwMDAwMDAwMDAsImRlbGV0ZSI6MTIwMDAwMDAwMDAwMH0sInNjaGVtYV92ZXJzaW9uIjoiMSJ9",
          "dependencies": [
            "module.vpc.aws_vpc.this",
            "module.vpc.aws_vpc_ipv4_cidr_block_association.this"
          ]
        }
      ]
    },
    {
      "module": "module.vpc",
      "mode": "managed",
      "type": "aws_vpc",
      "name": "this",
      "provider": "provider[\"registry.terraform.io/hashicorp/aws\"]",
      "instances": [
        {
          "index_key": 0,
          "schema_version": 1,
          "attributes": {
            "arn": "arn:aws:ec2:us-east-1:124355669181:vpc/vpc-0971b59e324c4d1a7",
            "assign_generated_ipv6_cidr_block": false,
            "cidr_block": "10.0.0.0/16",
            "default_network_acl_id": "acl-04d2f03a1becfda0b",
            "default_route_table_id": "rtb-05145eae9cc8ccf64",
            "default_security_group_id": "sg-07ddb72ba63a9f5ae",
            "dhcp_options_id": "dopt-04a1e04c1719957ee",
            "enable_dns_hostnames": true,
            "enable_dns_support": true,
            "enable_network_address_usage_metrics": false,
            "id": "vpc-0971b59e324c4d1a7",
            "instance_tenancy": "default",
            "ipv4_ipam_pool_id": null,
            "ipv4_netmask_length": null,
            "ipv6_association_id": "",
            "ipv6_cidr_block": "",
            "ipv6_cidr_block_network_border_group": "",
            "ipv6_ipam_pool_id": "",
            "ipv6_netmask_length": 0,
            "main_route_table_id": "rtb-05145eae9cc8ccf64",
            "owner_id": "124355669181",
            "tags": {
              "Environment": "Test",
              "Name": "Lab5",
              "Owner": "Javier Manuel",
              "Project": "Lab5"
            },
            "tags_all": {
              "Environment": "Test",
              "Name": "Lab5",
              "Owner": "Javier Manuel",
              "Project": "Lab5"
            }
          },
          "sensitive_attributes": [],
          "private": "eyJzY2hlbWFfdmVyc2lvbiI6IjEifQ=="
        }
      ]
    }
  ],
  "check_results": null
}
